
Microsoft Visual Studio Solution File, Format Version 12.00
# Visual Studio Version 17
VisualStudioVersion = 17.0.31903.59
MinimumVisualStudioVersion = 10.0.40219.1
Project("{2150E333-8FDC-42A3-9474-1A3956D46DE8}") = "src", "src", "{9C9A5080-4A12-41B6-ABA8-1E299949C989}"
EndProject
Project("{FAE04EC0-301F-11D3-BF4B-00C04F79EFBC}") = "Dominio", "src\Dominio\Dominio.csproj", "{E467D63C-B7F3-47F9-8499-AAE7F22F07DA}"
EndProject
Project("{FAE04EC0-301F-11D3-BF4B-00C04F79EFBC}") = "Dados", "src\Dados\Dados.csproj", "{D1B1CC4E-8178-4CFC-B865-78BBE7C9515B}"
EndProject
Project("{FAE04EC0-301F-11D3-BF4B-00C04F79EFBC}") = "Importacao", "src\Importacao\Importacao.csproj", "{8C9A1320-BEB8-4ED1-823F-D47EA9838B1A}"
EndProject
Project("{FAE04EC0-301F-11D3-BF4B-00C04F79EFBC}") = "App", "src\App\App.csproj", "{94D93400-7734-41D9-A62A-89ABBF5B627B}"
EndProject
Project("{2150E333-8FDC-42A3-9474-1A3956D46DE8}") = "testes", "testes", "{1F15C41D-2D0D-4C30-9CE9-BB6DE3B64AC0}"
EndProject
Project("{FAE04EC0-301F-11D3-BF4B-00C04F79EFBC}") = "Dominio.Testes", "testes\Dominio.Testes\Dominio.Testes.csproj", "{690346AD-3AC2-49FA-B4A2-5E585F89AC5A}"
EndProject
Project("{FAE04EC0-301F-11D3-BF4B-00C04F79EFBC}") = "Importacao.Testes", "testes\Importacao.Testes\Importacao.Testes.csproj", "{3FFBB751-7E61-4A2B-B8E7-CC6D20C45816}"
EndProject
Project("{FAE04EC0-301F-11D3-BF4B-00C04F79EFBC}") = "Dados.Testes", "testes\Dados.Testes\Dados.Testes.csproj", "{E52E750A-823B-41A4-B6B5-A57E3315B38C}"
EndProject
Global
	GlobalSection(SolutionConfigurationPlatforms) = preSolution
		Debug|Any CPU = Debug|Any CPU
		Release|Any CPU = Release|Any CPU
	EndGlobalSection
	GlobalSection(SolutionProperties) = preSolution
		HideSolutionNode = FALSE
	EndGlobalSection
	GlobalSection(ProjectConfigurationPlatforms) = postSolution
		{E467D63C-B7F3-47F9-8499-AAE7F22F07DA}.Debug|Any CPU.ActiveCfg = Debug|Any CPU
		{E467D63C-B7F3-47F9-8499-AAE7F22F07DA}.Debug|Any CPU.Build.0 = Debug|Any CPU
		{E467D63C-B7F3-47F9-8499-AAE7F22F07DA}.Release|Any CPU.ActiveCfg = Release|Any CPU
		{E467D63C-B7F3-47F9-8499-AAE7F22F07DA}.Release|Any CPU.Build.0 = Release|Any CPU
		{D1B1CC4E-8178-4CFC-B865-78BBE7C9515B}.Debug|Any CPU.ActiveCfg = Debug|Any CPU
		{D1B1CC4E-8178-4CFC-B865-78BBE7C9515B}.Debug|Any CPU.Build.0 = Debug|Any CPU
		{D1B1CC4E-8178-4CFC-B865-78BBE7C9515B}.Release|Any CPU.ActiveCfg = Release|Any CPU
		{D1B1CC4E-8178-4CFC-B865-78BBE7C9515B}.Release|Any CPU.Build.0 = Release|Any CPU
		{8C9A1320-BEB8-4ED1-823F-D47EA9838B1A}.Debug|Any CPU.ActiveCfg = Debug|Any CPU
		{8C9A1320-BEB8-4ED1-823F-D47EA9838B1A}.Debug|Any CPU.Build.0 = Debug|Any CPU
		{8C9A1320-BEB8-4ED1-823F-D47EA9838B1A}.Release|Any CPU.ActiveCfg = Release|Any CPU
		{8C9A1320-BEB8-4ED1-823F-D47EA9838B1A}.Release|Any CPU.Build.0 = Release|Any CPU
		{94D93400-7734-41D9-A62A-89ABBF5B627B}.Debug|Any CPU.ActiveCfg = Debug|Any CPU
		{94D93400-7734-41D9-A62A-89ABBF5B627B}.Debug|Any CPU.Build.0 = Debug|Any CPU
		{94D93400-7734-41D9-A62A-89ABBF5B627B}.Release|Any CPU.ActiveCfg = Release|Any CPU
		{94D93400-7734-41D9-A62A-89ABBF5B627B}.Release|Any CPU.Build.0 = Release|Any CPU
		{690346AD-3AC2-49FA-B4A2-5E585F89AC5A}.Debug|Any CPU.ActiveCfg = Debug|Any CPU
		{690346AD-3AC2-49FA-B4A2-5E585F89AC5A}.Debug|Any CPU.Build.0 = Debug|Any CPU
		{690346AD-3AC2-49FA-B4A2-5E585F89AC5A}.Release|Any CPU.ActiveCfg = Release|Any CPU
		{690346AD-3AC2-49FA-B4A2-5E585F89AC5A}.Release|Any CPU.Build.0 = Release|Any CPU
		{3FFBB751-7E61-4A2B-B8E7-CC6D20C45816}.Debug|Any CPU.ActiveCfg = Debug|Any CPU
		{3FFBB751-7E61-4A2B-B8E7-CC6D20C45816}.Debug|Any CPU.Build.0 = Debug|Any CPU
		{3FFBB751-7E61-4A2B-B8E7-CC6D20C45816}.Release|Any CPU.ActiveCfg = Release|Any CPU
		{3FFBB751-7E61-4A2B-B8E7-CC6D20C45816}.Release|Any CPU.Build.0 = Release|Any CPU
		{E52E750A-823B-41A4-B6B5-A57E3315B38C}.Debug|Any CPU.ActiveCfg = Debug|Any CPU
		{E52E750A-823B-41A4-B6B5-A57E3315B38C}.Debug|Any CPU.Build.0 = Debug|Any CPU
		{E52E750A-823B-41A4-B6B5-A57E3315B38C}.Release|Any CPU.ActiveCfg = Release|Any CPU
		{E52E750A-823B-41A4-B6B5-A57E3315B38C}.Release|Any CPU.Build.0 = Release|Any CPU
	EndGlobalSection
	GlobalSection(NestedProjects) = preSolution
		{E467D63C-B7F3-47F9-8499-AAE7F22F07DA} = {9C9A5080-4A12-41B6-ABA8-1E299949C989}
		{D1B1CC4E-8178-4CFC-B865-78BBE7C9515B} = {9C9A5080-4A12-41B6-ABA8-1E299949C989}
		{8C9A1320-BEB8-4ED1-823F-D47EA9838B1A} = {9C9A5080-4A12-41B6-ABA8-1E299949C989}
		{94D93400-7734-41D9-A62A-89ABBF5B627B} = {9C9A5080-4A12-41B6-ABA8-1E299949C989}
		{690346AD-3AC2-49FA-B4A2-5E585F89AC5A} = {1F15C41D-2D0D-4C30-9CE9-BB6DE3B64AC0}
		{3FFBB751-7E61-4A2B-B8E7-CC6D20C45816} = {1F15C41D-2D0D-4C30-9CE9-BB6DE3B64AC0}
		{E52E750A-823B-41A4-B6B5-A57E3315B38C} = {1F15C41D-2D0D-4C30-9CE9-BB6DE3B64AC0}
	EndGlobalSection
EndGlobal
